
Microsoft Visual Studio Solution File, Format Version 12.00
# Visual Studio 15
VisualStudioVersion = 15.0.28307.1082
MinimumVisualStudioVersion = 10.0.40219.1
Project("{FAE04EC0-301F-11D3-BF4B-00C04F79EFBC}") = "Pryanik", "Pryanik\Pryanik.csproj", "{AE9BF20D-5BE0-4372-AC2E-94E6BF160718}"
EndProject
Global
	GlobalSection(SolutionConfigurationPlatforms) = preSolution
		Debug|Any CPU = Debug|Any CPU
		Release|Any CPU = Release|Any CPU
	EndGlobalSection
	GlobalSection(ProjectConfigurationPlatforms) = postSolution
		{AE9BF20D-5BE0-4372-AC2E-94E6BF160718}.Debug|Any CPU.ActiveCfg = Debug|Any CPU
		{AE9BF20D-5BE0-4372-AC2E-94E6BF160718}.Debug|Any CPU.Build.0 = Debug|Any CPU
		{AE9BF20D-5BE0-4372-AC2E-94E6BF160718}.Release|Any CPU.ActiveCfg = Release|Any CPU
		{AE9BF20D-5BE0-4372-AC2E-94E6BF160718}.Release|Any CPU.Build.0 = Release|Any CPU
	EndGlobalSection
	GlobalSection(SolutionProperties) = preSolution
		HideSolutionNode = FALSE
	EndGlobalSection
	GlobalSection(ExtensibilityGlobals) = postSolution
		SolutionGuid = {901BFAF8-1834-439D-85D1-23E4048EFDE2}
	EndGlobalSection
EndGlobal
